
Microsoft Visual Studio Solution File, Format Version 12.00
# Visual Studio Version 16
VisualStudioVersion = 16.0.30907.101
MinimumVisualStudioVersion = 10.0.40219.1
Project("{9A19103F-16F7-4668-BE54-9A1E7A4F7556}") = "WEB-Auction", "WEB-Auction\WEB-Auction.csproj", "{F2ECE7FB-B93E-4A32-9B35-F8BCF3490E73}"
EndProject
Project("{9A19103F-16F7-4668-BE54-9A1E7A4F7556}") = "BLL", "BLL\BLL.csproj", "{26015AE5-9E91-47B7-A656-28641CC329A7}"
EndProject
Project("{9A19103F-16F7-4668-BE54-9A1E7A4F7556}") = "DAL", "DAL\DAL.csproj", "{E0B648FA-09CC-492B-9EAB-21B9761B861A}"
EndProject
Project("{FAE04EC0-301F-11D3-BF4B-00C04F79EFBC}") = "UnitTests", "UnitTests\UnitTests.csproj", "{76EDDE04-B502-466A-B97C-C7B9C77DE128}"
EndProject
Project("{FAE04EC0-301F-11D3-BF4B-00C04F79EFBC}") = "IntegrationTests", "IntegrationTests\IntegrationTests.csproj", "{9F91A70A-535A-46FC-99DF-F128C25638E9}"
EndProject
Global
	GlobalSection(SolutionConfigurationPlatforms) = preSolution
		Debug|Any CPU = Debug|Any CPU
		Release|Any CPU = Release|Any CPU
	EndGlobalSection
	GlobalSection(ProjectConfigurationPlatforms) = postSolution
		{F2ECE7FB-B93E-4A32-9B35-F8BCF3490E73}.Debug|Any CPU.ActiveCfg = Debug|Any CPU
		{F2ECE7FB-B93E-4A32-9B35-F8BCF3490E73}.Debug|Any CPU.Build.0 = Debug|Any CPU
		{F2ECE7FB-B93E-4A32-9B35-F8BCF3490E73}.Release|Any CPU.ActiveCfg = Release|Any CPU
		{F2ECE7FB-B93E-4A32-9B35-F8BCF3490E73}.Release|Any CPU.Build.0 = Release|Any CPU
		{26015AE5-9E91-47B7-A656-28641CC329A7}.Debug|Any CPU.ActiveCfg = Debug|Any CPU
		{26015AE5-9E91-47B7-A656-28641CC329A7}.Debug|Any CPU.Build.0 = Debug|Any CPU
		{26015AE5-9E91-47B7-A656-28641CC329A7}.Release|Any CPU.ActiveCfg = Release|Any CPU
		{26015AE5-9E91-47B7-A656-28641CC329A7}.Release|Any CPU.Build.0 = Release|Any CPU
		{E0B648FA-09CC-492B-9EAB-21B9761B861A}.Debug|Any CPU.ActiveCfg = Debug|Any CPU
		{E0B648FA-09CC-492B-9EAB-21B9761B861A}.Debug|Any CPU.Build.0 = Debug|Any CPU
		{E0B648FA-09CC-492B-9EAB-21B9761B861A}.Release|Any CPU.ActiveCfg = Release|Any CPU
		{E0B648FA-09CC-492B-9EAB-21B9761B861A}.Release|Any CPU.Build.0 = Release|Any CPU
		{76EDDE04-B502-466A-B97C-C7B9C77DE128}.Debug|Any CPU.ActiveCfg = Debug|Any CPU
		{76EDDE04-B502-466A-B97C-C7B9C77DE128}.Debug|Any CPU.Build.0 = Debug|Any CPU
		{76EDDE04-B502-466A-B97C-C7B9C77DE128}.Release|Any CPU.ActiveCfg = Release|Any CPU
		{76EDDE04-B502-466A-B97C-C7B9C77DE128}.Release|Any CPU.Build.0 = Release|Any CPU
		{9F91A70A-535A-46FC-99DF-F128C25638E9}.Debug|Any CPU.ActiveCfg = Debug|Any CPU
		{9F91A70A-535A-46FC-99DF-F128C25638E9}.Debug|Any CPU.Build.0 = Debug|Any CPU
		{9F91A70A-535A-46FC-99DF-F128C25638E9}.Release|Any CPU.ActiveCfg = Release|Any CPU
		{9F91A70A-535A-46FC-99DF-F128C25638E9}.Release|Any CPU.Build.0 = Release|Any CPU
	EndGlobalSection
	GlobalSection(SolutionProperties) = preSolution
		HideSolutionNode = FALSE
	EndGlobalSection
	GlobalSection(ExtensibilityGlobals) = postSolution
		SolutionGuid = {F2D7E0F2-A984-420D-9448-B68ED41606FD}
	EndGlobalSection
EndGlobal
